
Microsoft Visual Studio Solution File, Format Version 12.00
# Visual Studio Version 17
VisualStudioVersion = 17.5.33530.505
MinimumVisualStudioVersion = 10.0.40219.1
Project("{8BC9CEB8-8B4A-11D0-8D11-00A0C91BC942}") = "ParametricPolymorphism", "ParametricPolymorphism\ParametricPolymorphism.vcxproj", "{46C23C22-7C92-4850-874F-6E96B372F60F}"
EndProject
Global
	GlobalSection(SolutionConfigurationPlatforms) = preSolution
		Debug|x64 = Debug|x64
		Debug|x86 = Debug|x86
		Release|x64 = Release|x64
		Release|x86 = Release|x86
	EndGlobalSection
	GlobalSection(ProjectConfigurationPlatforms) = postSolution
		{46C23C22-7C92-4850-874F-6E96B372F60F}.Debug|x64.ActiveCfg = Debug|x64
		{46C23C22-7C92-4850-874F-6E96B372F60F}.Debug|x64.Build.0 = Debug|x64
		{46C23C22-7C92-4850-874F-6E96B372F60F}.Debug|x86.ActiveCfg = Debug|Win32
		{46C23C22-7C92-4850-874F-6E96B372F60F}.Debug|x86.Build.0 = Debug|Win32
		{46C23C22-7C92-4850-874F-6E96B372F60F}.Release|x64.ActiveCfg = Release|x64
		{46C23C22-7C92-4850-874F-6E96B372F60F}.Release|x64.Build.0 = Release|x64
		{46C23C22-7C92-4850-874F-6E96B372F60F}.Release|x86.ActiveCfg = Release|Win32
		{46C23C22-7C92-4850-874F-6E96B372F60F}.Release|x86.Build.0 = Release|Win32
	EndGlobalSection
	GlobalSection(SolutionProperties) = preSolution
		HideSolutionNode = FALSE
	EndGlobalSection
	GlobalSection(ExtensibilityGlobals) = postSolution
		SolutionGuid = {4B98DED5-A837-4EE9-973B-DC16DA5BE932}
	EndGlobalSection
EndGlobal
